
Microsoft Visual Studio Solution File, Format Version 12.00
# Visual Studio Version 16
VisualStudioVersion = 16.0.28803.202
MinimumVisualStudioVersion = 10.0.40219.1
Project("{FAE04EC0-301F-11D3-BF4B-00C04F79EFBC}") = "AdoHelper", "AdoHelper\AdoHelper.csproj", "{01EE22D7-9B50-4C81-AACA-06C233475F73}"
EndProject
Project("{FAE04EC0-301F-11D3-BF4B-00C04F79EFBC}") = "AdoHelper.UnitTests", "AdoHelper.UnitTests\AdoHelper.UnitTests.csproj", "{29AA85EF-6778-4321-A754-C250BC734358}"
EndProject
Global
	GlobalSection(SolutionConfigurationPlatforms) = preSolution
		Debug|Any CPU = Debug|Any CPU
		Release|Any CPU = Release|Any CPU
	EndGlobalSection
	GlobalSection(ProjectConfigurationPlatforms) = postSolution
		{01EE22D7-9B50-4C81-AACA-06C233475F73}.Debug|Any CPU.ActiveCfg = Debug|Any CPU
		{01EE22D7-9B50-4C81-AACA-06C233475F73}.Debug|Any CPU.Build.0 = Debug|Any CPU
		{01EE22D7-9B50-4C81-AACA-06C233475F73}.Release|Any CPU.ActiveCfg = Release|Any CPU
		{01EE22D7-9B50-4C81-AACA-06C233475F73}.Release|Any CPU.Build.0 = Release|Any CPU
		{29AA85EF-6778-4321-A754-C250BC734358}.Debug|Any CPU.ActiveCfg = Debug|Any CPU
		{29AA85EF-6778-4321-A754-C250BC734358}.Debug|Any CPU.Build.0 = Debug|Any CPU
		{29AA85EF-6778-4321-A754-C250BC734358}.Release|Any CPU.ActiveCfg = Release|Any CPU
		{29AA85EF-6778-4321-A754-C250BC734358}.Release|Any CPU.Build.0 = Release|Any CPU
	EndGlobalSection
	GlobalSection(SolutionProperties) = preSolution
		HideSolutionNode = FALSE
	EndGlobalSection
	GlobalSection(ExtensibilityGlobals) = postSolution
		SolutionGuid = {3E8FED5C-28C3-4A38-9115-3D64042CBA7D}
	EndGlobalSection
EndGlobal
